
Microsoft Visual Studio Solution File, Format Version 12.00
# Visual Studio Version 17
VisualStudioVersion = 17.9.34622.214
MinimumVisualStudioVersion = 10.0.40219.1
Project("{9A19103F-16F7-4668-BE54-9A1E7A4F7556}") = "CarStore.Api", "CarStore.Api\CarStore.Api.csproj", "{EA8D1FE9-314F-4AF7-B814-AE430AE69EAC}"
EndProject
Project("{9A19103F-16F7-4668-BE54-9A1E7A4F7556}") = "CarStore.Data", "CarStore.Data\CarStore.Data.csproj", "{9CF55F7C-AAA4-4B01-9CEE-CEB7C3273A42}"
EndProject
Project("{9A19103F-16F7-4668-BE54-9A1E7A4F7556}") = "CarStore.Service", "CarStore.Service\CarStore.Service.csproj", "{765E04F5-935E-4426-8CEB-F5A080DBE1A8}"
EndProject
Project("{9A19103F-16F7-4668-BE54-9A1E7A4F7556}") = "CarStore.Core", "CarStore.Core\CarStore.Core.csproj", "{FB8498BC-F09F-4D02-B1BF-458A9AD0721E}"
EndProject
Project("{FAE04EC0-301F-11D3-BF4B-00C04F79EFBC}") = "CarStoreTesting", "CarStoreTesting\CarStoreTesting.csproj", "{022509D2-7FA3-48E0-A890-CCFDB854BFA2}"
EndProject
Global
	GlobalSection(SolutionConfigurationPlatforms) = preSolution
		Debug|Any CPU = Debug|Any CPU
		Release|Any CPU = Release|Any CPU
	EndGlobalSection
	GlobalSection(ProjectConfigurationPlatforms) = postSolution
		{EA8D1FE9-314F-4AF7-B814-AE430AE69EAC}.Debug|Any CPU.ActiveCfg = Debug|Any CPU
		{EA8D1FE9-314F-4AF7-B814-AE430AE69EAC}.Debug|Any CPU.Build.0 = Debug|Any CPU
		{EA8D1FE9-314F-4AF7-B814-AE430AE69EAC}.Release|Any CPU.ActiveCfg = Release|Any CPU
		{EA8D1FE9-314F-4AF7-B814-AE430AE69EAC}.Release|Any CPU.Build.0 = Release|Any CPU
		{9CF55F7C-AAA4-4B01-9CEE-CEB7C3273A42}.Debug|Any CPU.ActiveCfg = Debug|Any CPU
		{9CF55F7C-AAA4-4B01-9CEE-CEB7C3273A42}.Debug|Any CPU.Build.0 = Debug|Any CPU
		{9CF55F7C-AAA4-4B01-9CEE-CEB7C3273A42}.Release|Any CPU.ActiveCfg = Release|Any CPU
		{9CF55F7C-AAA4-4B01-9CEE-CEB7C3273A42}.Release|Any CPU.Build.0 = Release|Any CPU
		{765E04F5-935E-4426-8CEB-F5A080DBE1A8}.Debug|Any CPU.ActiveCfg = Debug|Any CPU
		{765E04F5-935E-4426-8CEB-F5A080DBE1A8}.Debug|Any CPU.Build.0 = Debug|Any CPU
		{765E04F5-935E-4426-8CEB-F5A080DBE1A8}.Release|Any CPU.ActiveCfg = Release|Any CPU
		{765E04F5-935E-4426-8CEB-F5A080DBE1A8}.Release|Any CPU.Build.0 = Release|Any CPU
		{FB8498BC-F09F-4D02-B1BF-458A9AD0721E}.Debug|Any CPU.ActiveCfg = Debug|Any CPU
		{FB8498BC-F09F-4D02-B1BF-458A9AD0721E}.Debug|Any CPU.Build.0 = Debug|Any CPU
		{FB8498BC-F09F-4D02-B1BF-458A9AD0721E}.Release|Any CPU.ActiveCfg = Release|Any CPU
		{FB8498BC-F09F-4D02-B1BF-458A9AD0721E}.Release|Any CPU.Build.0 = Release|Any CPU
		{022509D2-7FA3-48E0-A890-CCFDB854BFA2}.Debug|Any CPU.ActiveCfg = Debug|Any CPU
		{022509D2-7FA3-48E0-A890-CCFDB854BFA2}.Debug|Any CPU.Build.0 = Debug|Any CPU
		{022509D2-7FA3-48E0-A890-CCFDB854BFA2}.Release|Any CPU.ActiveCfg = Release|Any CPU
		{022509D2-7FA3-48E0-A890-CCFDB854BFA2}.Release|Any CPU.Build.0 = Release|Any CPU
	EndGlobalSection
	GlobalSection(SolutionProperties) = preSolution
		HideSolutionNode = FALSE
	EndGlobalSection
	GlobalSection(ExtensibilityGlobals) = postSolution
		SolutionGuid = {639D9A29-5B61-4E6C-B2F8-58D4E738849D}
	EndGlobalSection
EndGlobal
